
Microsoft Visual Studio Solution File, Format Version 12.00
# Visual Studio Version 16
VisualStudioVersion = 16.0.30413.136
MinimumVisualStudioVersion = 10.0.40219.1
Project("{9A19103F-16F7-4668-BE54-9A1E7A4F7556}") = "AtCoderLib.Sandbox", "AtCoderLib.Sandbox\AtCoderLib.Sandbox.csproj", "{FB0E5B24-714D-4B66-9D5C-B44AD8058DB7}"
EndProject
Project("{9A19103F-16F7-4668-BE54-9A1E7A4F7556}") = "AtCoderLib", "AtCoderLib\AtCoderLib.csproj", "{42C00EE4-B1CE-409F-B066-1A74868874F8}"
EndProject
Project("{FAE04EC0-301F-11D3-BF4B-00C04F79EFBC}") = "AtCoderLib.Tests", "AtCoderLib.Tests\AtCoderLib.Tests.csproj", "{8B89CC9D-C7B8-4478-A23A-AFC10F33F56C}"
EndProject
Project("{9A19103F-16F7-4668-BE54-9A1E7A4F7556}") = "AtCoderProject", "AtCoderProject\AtCoderProject.csproj", "{BF0DAD10-6AE9-4D4C-AC31-711FE586832C}"
EndProject
Global
	GlobalSection(SolutionConfigurationPlatforms) = preSolution
		Debug|Any CPU = Debug|Any CPU
		Debug|x86 = Debug|x86
		Release|Any CPU = Release|Any CPU
		Release|x86 = Release|x86
	EndGlobalSection
	GlobalSection(ProjectConfigurationPlatforms) = postSolution
		{FB0E5B24-714D-4B66-9D5C-B44AD8058DB7}.Debug|Any CPU.ActiveCfg = Debug|Any CPU
		{FB0E5B24-714D-4B66-9D5C-B44AD8058DB7}.Debug|Any CPU.Build.0 = Debug|Any CPU
		{FB0E5B24-714D-4B66-9D5C-B44AD8058DB7}.Debug|x86.ActiveCfg = Debug|x86
		{FB0E5B24-714D-4B66-9D5C-B44AD8058DB7}.Debug|x86.Build.0 = Debug|x86
		{FB0E5B24-714D-4B66-9D5C-B44AD8058DB7}.Release|Any CPU.ActiveCfg = Release|Any CPU
		{FB0E5B24-714D-4B66-9D5C-B44AD8058DB7}.Release|Any CPU.Build.0 = Release|Any CPU
		{FB0E5B24-714D-4B66-9D5C-B44AD8058DB7}.Release|x86.ActiveCfg = Release|x86
		{FB0E5B24-714D-4B66-9D5C-B44AD8058DB7}.Release|x86.Build.0 = Release|x86
		{42C00EE4-B1CE-409F-B066-1A74868874F8}.Debug|Any CPU.ActiveCfg = Debug|Any CPU
		{42C00EE4-B1CE-409F-B066-1A74868874F8}.Debug|Any CPU.Build.0 = Debug|Any CPU
		{42C00EE4-B1CE-409F-B066-1A74868874F8}.Debug|x86.ActiveCfg = Debug|x86
		{42C00EE4-B1CE-409F-B066-1A74868874F8}.Debug|x86.Build.0 = Debug|x86
		{42C00EE4-B1CE-409F-B066-1A74868874F8}.Release|Any CPU.ActiveCfg = Release|Any CPU
		{42C00EE4-B1CE-409F-B066-1A74868874F8}.Release|Any CPU.Build.0 = Release|Any CPU
		{42C00EE4-B1CE-409F-B066-1A74868874F8}.Release|x86.ActiveCfg = Release|x86
		{42C00EE4-B1CE-409F-B066-1A74868874F8}.Release|x86.Build.0 = Release|x86
		{8B89CC9D-C7B8-4478-A23A-AFC10F33F56C}.Debug|Any CPU.ActiveCfg = Debug|Any CPU
		{8B89CC9D-C7B8-4478-A23A-AFC10F33F56C}.Debug|Any CPU.Build.0 = Debug|Any CPU
		{8B89CC9D-C7B8-4478-A23A-AFC10F33F56C}.Debug|x86.ActiveCfg = Debug|Any CPU
		{8B89CC9D-C7B8-4478-A23A-AFC10F33F56C}.Debug|x86.Build.0 = Debug|Any CPU
		{8B89CC9D-C7B8-4478-A23A-AFC10F33F56C}.Release|Any CPU.ActiveCfg = Release|Any CPU
		{8B89CC9D-C7B8-4478-A23A-AFC10F33F56C}.Release|Any CPU.Build.0 = Release|Any CPU
		{8B89CC9D-C7B8-4478-A23A-AFC10F33F56C}.Release|x86.ActiveCfg = Release|Any CPU
		{8B89CC9D-C7B8-4478-A23A-AFC10F33F56C}.Release|x86.Build.0 = Release|Any CPU
		{BF0DAD10-6AE9-4D4C-AC31-711FE586832C}.Debug|Any CPU.ActiveCfg = Debug|Any CPU
		{BF0DAD10-6AE9-4D4C-AC31-711FE586832C}.Debug|Any CPU.Build.0 = Debug|Any CPU
		{BF0DAD10-6AE9-4D4C-AC31-711FE586832C}.Debug|x86.ActiveCfg = Debug|x86
		{BF0DAD10-6AE9-4D4C-AC31-711FE586832C}.Debug|x86.Build.0 = Debug|x86
		{BF0DAD10-6AE9-4D4C-AC31-711FE586832C}.Release|Any CPU.ActiveCfg = Release|Any CPU
		{BF0DAD10-6AE9-4D4C-AC31-711FE586832C}.Release|Any CPU.Build.0 = Release|Any CPU
		{BF0DAD10-6AE9-4D4C-AC31-711FE586832C}.Release|x86.ActiveCfg = Release|x86
		{BF0DAD10-6AE9-4D4C-AC31-711FE586832C}.Release|x86.Build.0 = Release|x86
	EndGlobalSection
	GlobalSection(SolutionProperties) = preSolution
		HideSolutionNode = FALSE
	EndGlobalSection
	GlobalSection(ExtensibilityGlobals) = postSolution
		SolutionGuid = {D21FE6EE-BCC7-44E0-8E97-1FA4C493A0E1}
	EndGlobalSection
EndGlobal
