<Solution>
  <Configurations>
    <Platform Name="Any CPU" />
    <Platform Name="x64" />
    <Platform Name="x86" />
  </Configurations>
  <Folder Name="/Solution Items/">
    <File Path=".editorconfig" />
    <File Path="Directory.Build.props" />
  </Folder>
  <Project Path="Competitive.Runner/Competitive.Runner.csproj" />
  <Project Path="Competitive/Competitive.csproj" />
  <Project Path="Library/Competitive.Library/Competitive.Library.csproj" />
</Solution>
